
Microsoft Visual Studio Solution File, Format Version 12.00
# Visual Studio Version 17
VisualStudioVersion = 17.1.32414.318
MinimumVisualStudioVersion = 10.0.40219.1
Project("{FAE04EC0-301F-11D3-BF4B-00C04F79EFBC}") = "Study", "Study\Study.csproj", "{DD844D76-4C27-4CA9-A910-7A74B0DA18DB}"
EndProject
Global
	GlobalSection(SolutionConfigurationPlatforms) = preSolution
		Debug|Any CPU = Debug|Any CPU
		Release|Any CPU = Release|Any CPU
	EndGlobalSection
	GlobalSection(ProjectConfigurationPlatforms) = postSolution
		{DD844D76-4C27-4CA9-A910-7A74B0DA18DB}.Debug|Any CPU.ActiveCfg = Debug|Any CPU
		{DD844D76-4C27-4CA9-A910-7A74B0DA18DB}.Debug|Any CPU.Build.0 = Debug|Any CPU
		{DD844D76-4C27-4CA9-A910-7A74B0DA18DB}.Release|Any CPU.ActiveCfg = Release|Any CPU
		{DD844D76-4C27-4CA9-A910-7A74B0DA18DB}.Release|Any CPU.Build.0 = Release|Any CPU
	EndGlobalSection
	GlobalSection(SolutionProperties) = preSolution
		HideSolutionNode = FALSE
	EndGlobalSection
	GlobalSection(ExtensibilityGlobals) = postSolution
		SolutionGuid = {48BE26B9-2C49-4E0B-83DB-E2E64009FD7B}
	EndGlobalSection
EndGlobal
